
Microsoft Visual Studio Solution File, Format Version 12.00
# Visual Studio Version 16
VisualStudioVersion = 16.0.30011.22
MinimumVisualStudioVersion = 10.0.40219.1
Project("{9A19103F-16F7-4668-BE54-9A1E7A4F7556}") = "Presentation", "Presentation\Presentation.csproj", "{3BAFE76F-69E6-45D1-882E-F58442606791}"
EndProject
Project("{9A19103F-16F7-4668-BE54-9A1E7A4F7556}") = "Domain", "Domain\Domain.csproj", "{A5164786-6661-4569-889E-96AAB9AD6111}"
EndProject
Project("{9A19103F-16F7-4668-BE54-9A1E7A4F7556}") = "Infrastructure", "Infraestructure\Infrastructure.csproj", "{79CC4685-9D90-4753-982B-F5252E90DCD3}"
EndProject
Project("{9A19103F-16F7-4668-BE54-9A1E7A4F7556}") = "Application", "Application\Application.csproj", "{F1755C05-B4FD-4EEF-864B-C6D2B95C000B}"
EndProject
Project("{FAE04EC0-301F-11D3-BF4B-00C04F79EFBC}") = "AikoTeste", "AikoTeste\AikoTeste.csproj", "{AE367B50-AD78-46D5-B5EE-FFCE79FBA1ED}"
EndProject
Global
	GlobalSection(SolutionConfigurationPlatforms) = preSolution
		Debug|Any CPU = Debug|Any CPU
		Release|Any CPU = Release|Any CPU
	EndGlobalSection
	GlobalSection(ProjectConfigurationPlatforms) = postSolution
		{3BAFE76F-69E6-45D1-882E-F58442606791}.Debug|Any CPU.ActiveCfg = Debug|Any CPU
		{3BAFE76F-69E6-45D1-882E-F58442606791}.Debug|Any CPU.Build.0 = Debug|Any CPU
		{3BAFE76F-69E6-45D1-882E-F58442606791}.Release|Any CPU.ActiveCfg = Release|Any CPU
		{3BAFE76F-69E6-45D1-882E-F58442606791}.Release|Any CPU.Build.0 = Release|Any CPU
		{A5164786-6661-4569-889E-96AAB9AD6111}.Debug|Any CPU.ActiveCfg = Debug|Any CPU
		{A5164786-6661-4569-889E-96AAB9AD6111}.Debug|Any CPU.Build.0 = Debug|Any CPU
		{A5164786-6661-4569-889E-96AAB9AD6111}.Release|Any CPU.ActiveCfg = Release|Any CPU
		{A5164786-6661-4569-889E-96AAB9AD6111}.Release|Any CPU.Build.0 = Release|Any CPU
		{79CC4685-9D90-4753-982B-F5252E90DCD3}.Debug|Any CPU.ActiveCfg = Debug|Any CPU
		{79CC4685-9D90-4753-982B-F5252E90DCD3}.Debug|Any CPU.Build.0 = Debug|Any CPU
		{79CC4685-9D90-4753-982B-F5252E90DCD3}.Release|Any CPU.ActiveCfg = Release|Any CPU
		{79CC4685-9D90-4753-982B-F5252E90DCD3}.Release|Any CPU.Build.0 = Release|Any CPU
		{F1755C05-B4FD-4EEF-864B-C6D2B95C000B}.Debug|Any CPU.ActiveCfg = Debug|Any CPU
		{F1755C05-B4FD-4EEF-864B-C6D2B95C000B}.Debug|Any CPU.Build.0 = Debug|Any CPU
		{F1755C05-B4FD-4EEF-864B-C6D2B95C000B}.Release|Any CPU.ActiveCfg = Release|Any CPU
		{F1755C05-B4FD-4EEF-864B-C6D2B95C000B}.Release|Any CPU.Build.0 = Release|Any CPU
		{AE367B50-AD78-46D5-B5EE-FFCE79FBA1ED}.Debug|Any CPU.ActiveCfg = Debug|Any CPU
		{AE367B50-AD78-46D5-B5EE-FFCE79FBA1ED}.Debug|Any CPU.Build.0 = Debug|Any CPU
		{AE367B50-AD78-46D5-B5EE-FFCE79FBA1ED}.Release|Any CPU.ActiveCfg = Release|Any CPU
		{AE367B50-AD78-46D5-B5EE-FFCE79FBA1ED}.Release|Any CPU.Build.0 = Release|Any CPU
	EndGlobalSection
	GlobalSection(SolutionProperties) = preSolution
		HideSolutionNode = FALSE
	EndGlobalSection
	GlobalSection(ExtensibilityGlobals) = postSolution
		SolutionGuid = {F55B36BB-A19E-4CE1-9DCB-81722219BA8C}
	EndGlobalSection
EndGlobal
