
Microsoft Visual Studio Solution File, Format Version 12.00
# Visual Studio Version 17
VisualStudioVersion = 17.8.34511.84
MinimumVisualStudioVersion = 10.0.40219.1
Project("{FAE04EC0-301F-11D3-BF4B-00C04F79EFBC}") = "PublicTransport.API", "PublicTransport.API\PublicTransport.API.csproj", "{C3D52E57-3141-4B09-A9E7-A92EC586F46D}"
EndProject
Global
	GlobalSection(SolutionConfigurationPlatforms) = preSolution
		Debug|Any CPU = Debug|Any CPU
		Release|Any CPU = Release|Any CPU
	EndGlobalSection
	GlobalSection(ProjectConfigurationPlatforms) = postSolution
		{C3D52E57-3141-4B09-A9E7-A92EC586F46D}.Debug|Any CPU.ActiveCfg = Debug|Any CPU
		{C3D52E57-3141-4B09-A9E7-A92EC586F46D}.Debug|Any CPU.Build.0 = Debug|Any CPU
		{C3D52E57-3141-4B09-A9E7-A92EC586F46D}.Release|Any CPU.ActiveCfg = Release|Any CPU
		{C3D52E57-3141-4B09-A9E7-A92EC586F46D}.Release|Any CPU.Build.0 = Release|Any CPU
	EndGlobalSection
	GlobalSection(SolutionProperties) = preSolution
		HideSolutionNode = FALSE
	EndGlobalSection
	GlobalSection(ExtensibilityGlobals) = postSolution
		SolutionGuid = {88A9C129-B996-450C-92AF-20DD4BE76490}
	EndGlobalSection
EndGlobal
