
Microsoft Visual Studio Solution File, Format Version 12.00
# Visual Studio Version 16
VisualStudioVersion = 16.0.30804.86
MinimumVisualStudioVersion = 15.0.26124.0
Project("{9A19103F-16F7-4668-BE54-9A1E7A4F7556}") = "TesteDesenvolvedor.Services", "TesteDesenvolvedor.Services\TesteDesenvolvedor.Services.csproj", "{BBF9E3AD-5DDF-4E84-ABDF-010E908F1193}"
EndProject
Project("{9A19103F-16F7-4668-BE54-9A1E7A4F7556}") = "TesteDesenvolvedor.Domain", "TesteDesenvolvedor.Domain\TesteDesenvolvedor.Domain.csproj", "{15C96F39-7673-4D4F-966B-45017BABD788}"
EndProject
Project("{9A19103F-16F7-4668-BE54-9A1E7A4F7556}") = "TesteDesenvolvedor.Repository", "TesteDesenvolvedor.Repository\TesteDesenvolvedor.Repository.csproj", "{3C5B8613-8957-4805-BD8A-420C670A2EAF}"
EndProject
Project("{9A19103F-16F7-4668-BE54-9A1E7A4F7556}") = "TesteDesenvolvedor.API", "TesteDesenvolvedor.API\TesteDesenvolvedor.API.csproj", "{C65E2B91-BD9B-434C-BD87-84F954A8AAD9}"
EndProject
Project("{E53339B2-1760-4266-BCC7-CA923CBCF16C}") = "docker-compose", "docker-compose.dcproj", "{CF7734B7-9658-429D-923B-CBB4F97EC4CB}"
EndProject
Global
	GlobalSection(SolutionConfigurationPlatforms) = preSolution
		Debug|Any CPU = Debug|Any CPU
		Debug|x64 = Debug|x64
		Debug|x86 = Debug|x86
		Release|Any CPU = Release|Any CPU
		Release|x64 = Release|x64
		Release|x86 = Release|x86
	EndGlobalSection
	GlobalSection(ProjectConfigurationPlatforms) = postSolution
		{BBF9E3AD-5DDF-4E84-ABDF-010E908F1193}.Debug|Any CPU.ActiveCfg = Debug|Any CPU
		{BBF9E3AD-5DDF-4E84-ABDF-010E908F1193}.Debug|Any CPU.Build.0 = Debug|Any CPU
		{BBF9E3AD-5DDF-4E84-ABDF-010E908F1193}.Debug|x64.ActiveCfg = Debug|Any CPU
		{BBF9E3AD-5DDF-4E84-ABDF-010E908F1193}.Debug|x64.Build.0 = Debug|Any CPU
		{BBF9E3AD-5DDF-4E84-ABDF-010E908F1193}.Debug|x86.ActiveCfg = Debug|Any CPU
		{BBF9E3AD-5DDF-4E84-ABDF-010E908F1193}.Debug|x86.Build.0 = Debug|Any CPU
		{BBF9E3AD-5DDF-4E84-ABDF-010E908F1193}.Release|Any CPU.ActiveCfg = Release|Any CPU
		{BBF9E3AD-5DDF-4E84-ABDF-010E908F1193}.Release|Any CPU.Build.0 = Release|Any CPU
		{BBF9E3AD-5DDF-4E84-ABDF-010E908F1193}.Release|x64.ActiveCfg = Release|Any CPU
		{BBF9E3AD-5DDF-4E84-ABDF-010E908F1193}.Release|x64.Build.0 = Release|Any CPU
		{BBF9E3AD-5DDF-4E84-ABDF-010E908F1193}.Release|x86.ActiveCfg = Release|Any CPU
		{BBF9E3AD-5DDF-4E84-ABDF-010E908F1193}.Release|x86.Build.0 = Release|Any CPU
		{15C96F39-7673-4D4F-966B-45017BABD788}.Debug|Any CPU.ActiveCfg = Debug|Any CPU
		{15C96F39-7673-4D4F-966B-45017BABD788}.Debug|Any CPU.Build.0 = Debug|Any CPU
		{15C96F39-7673-4D4F-966B-45017BABD788}.Debug|x64.ActiveCfg = Debug|Any CPU
		{15C96F39-7673-4D4F-966B-45017BABD788}.Debug|x64.Build.0 = Debug|Any CPU
		{15C96F39-7673-4D4F-966B-45017BABD788}.Debug|x86.ActiveCfg = Debug|Any CPU
		{15C96F39-7673-4D4F-966B-45017BABD788}.Debug|x86.Build.0 = Debug|Any CPU
		{15C96F39-7673-4D4F-966B-45017BABD788}.Release|Any CPU.ActiveCfg = Release|Any CPU
		{15C96F39-7673-4D4F-966B-45017BABD788}.Release|Any CPU.Build.0 = Release|Any CPU
		{15C96F39-7673-4D4F-966B-45017BABD788}.Release|x64.ActiveCfg = Release|Any CPU
		{15C96F39-7673-4D4F-966B-45017BABD788}.Release|x64.Build.0 = Release|Any CPU
		{15C96F39-7673-4D4F-966B-45017BABD788}.Release|x86.ActiveCfg = Release|Any CPU
		{15C96F39-7673-4D4F-966B-45017BABD788}.Release|x86.Build.0 = Release|Any CPU
		{3C5B8613-8957-4805-BD8A-420C670A2EAF}.Debug|Any CPU.ActiveCfg = Debug|Any CPU
		{3C5B8613-8957-4805-BD8A-420C670A2EAF}.Debug|Any CPU.Build.0 = Debug|Any CPU
		{3C5B8613-8957-4805-BD8A-420C670A2EAF}.Debug|x64.ActiveCfg = Debug|Any CPU
		{3C5B8613-8957-4805-BD8A-420C670A2EAF}.Debug|x64.Build.0 = Debug|Any CPU
		{3C5B8613-8957-4805-BD8A-420C670A2EAF}.Debug|x86.ActiveCfg = Debug|Any CPU
		{3C5B8613-8957-4805-BD8A-420C670A2EAF}.Debug|x86.Build.0 = Debug|Any CPU
		{3C5B8613-8957-4805-BD8A-420C670A2EAF}.Release|Any CPU.ActiveCfg = Release|Any CPU
		{3C5B8613-8957-4805-BD8A-420C670A2EAF}.Release|Any CPU.Build.0 = Release|Any CPU
		{3C5B8613-8957-4805-BD8A-420C670A2EAF}.Release|x64.ActiveCfg = Release|Any CPU
		{3C5B8613-8957-4805-BD8A-420C670A2EAF}.Release|x64.Build.0 = Release|Any CPU
		{3C5B8613-8957-4805-BD8A-420C670A2EAF}.Release|x86.ActiveCfg = Release|Any CPU
		{3C5B8613-8957-4805-BD8A-420C670A2EAF}.Release|x86.Build.0 = Release|Any CPU
		{C65E2B91-BD9B-434C-BD87-84F954A8AAD9}.Debug|Any CPU.ActiveCfg = Debug|Any CPU
		{C65E2B91-BD9B-434C-BD87-84F954A8AAD9}.Debug|Any CPU.Build.0 = Debug|Any CPU
		{C65E2B91-BD9B-434C-BD87-84F954A8AAD9}.Debug|x64.ActiveCfg = Debug|Any CPU
		{C65E2B91-BD9B-434C-BD87-84F954A8AAD9}.Debug|x64.Build.0 = Debug|Any CPU
		{C65E2B91-BD9B-434C-BD87-84F954A8AAD9}.Debug|x86.ActiveCfg = Debug|Any CPU
		{C65E2B91-BD9B-434C-BD87-84F954A8AAD9}.Debug|x86.Build.0 = Debug|Any CPU
		{C65E2B91-BD9B-434C-BD87-84F954A8AAD9}.Release|Any CPU.ActiveCfg = Release|Any CPU
		{C65E2B91-BD9B-434C-BD87-84F954A8AAD9}.Release|Any CPU.Build.0 = Release|Any CPU
		{C65E2B91-BD9B-434C-BD87-84F954A8AAD9}.Release|x64.ActiveCfg = Release|Any CPU
		{C65E2B91-BD9B-434C-BD87-84F954A8AAD9}.Release|x64.Build.0 = Release|Any CPU
		{C65E2B91-BD9B-434C-BD87-84F954A8AAD9}.Release|x86.ActiveCfg = Release|Any CPU
		{C65E2B91-BD9B-434C-BD87-84F954A8AAD9}.Release|x86.Build.0 = Release|Any CPU
		{CF7734B7-9658-429D-923B-CBB4F97EC4CB}.Debug|Any CPU.ActiveCfg = Debug|Any CPU
		{CF7734B7-9658-429D-923B-CBB4F97EC4CB}.Debug|Any CPU.Build.0 = Debug|Any CPU
		{CF7734B7-9658-429D-923B-CBB4F97EC4CB}.Debug|x64.ActiveCfg = Debug|Any CPU
		{CF7734B7-9658-429D-923B-CBB4F97EC4CB}.Debug|x64.Build.0 = Debug|Any CPU
		{CF7734B7-9658-429D-923B-CBB4F97EC4CB}.Debug|x86.ActiveCfg = Debug|Any CPU
		{CF7734B7-9658-429D-923B-CBB4F97EC4CB}.Debug|x86.Build.0 = Debug|Any CPU
		{CF7734B7-9658-429D-923B-CBB4F97EC4CB}.Release|Any CPU.ActiveCfg = Release|Any CPU
		{CF7734B7-9658-429D-923B-CBB4F97EC4CB}.Release|Any CPU.Build.0 = Release|Any CPU
		{CF7734B7-9658-429D-923B-CBB4F97EC4CB}.Release|x64.ActiveCfg = Release|Any CPU
		{CF7734B7-9658-429D-923B-CBB4F97EC4CB}.Release|x64.Build.0 = Release|Any CPU
		{CF7734B7-9658-429D-923B-CBB4F97EC4CB}.Release|x86.ActiveCfg = Release|Any CPU
		{CF7734B7-9658-429D-923B-CBB4F97EC4CB}.Release|x86.Build.0 = Release|Any CPU
	EndGlobalSection
	GlobalSection(SolutionProperties) = preSolution
		HideSolutionNode = FALSE
	EndGlobalSection
	GlobalSection(ExtensibilityGlobals) = postSolution
		SolutionGuid = {260A5D51-0471-4734-A9A8-EB8D3A65E83F}
	EndGlobalSection
EndGlobal
