
Microsoft Visual Studio Solution File, Format Version 12.00
# Visual Studio Version 17
VisualStudioVersion = 17.8.34330.188
MinimumVisualStudioVersion = 10.0.40219.1
Project("{FAE04EC0-301F-11D3-BF4B-00C04F79EFBC}") = "AikoApi", "AikoApi\AikoApi.csproj", "{0D2E0C10-F676-4800-8169-CF4FB610618B}"
EndProject
Global
	GlobalSection(SolutionConfigurationPlatforms) = preSolution
		Debug|Any CPU = Debug|Any CPU
		Release|Any CPU = Release|Any CPU
	EndGlobalSection
	GlobalSection(ProjectConfigurationPlatforms) = postSolution
		{0D2E0C10-F676-4800-8169-CF4FB610618B}.Debug|Any CPU.ActiveCfg = Debug|Any CPU
		{0D2E0C10-F676-4800-8169-CF4FB610618B}.Debug|Any CPU.Build.0 = Debug|Any CPU
		{0D2E0C10-F676-4800-8169-CF4FB610618B}.Release|Any CPU.ActiveCfg = Release|Any CPU
		{0D2E0C10-F676-4800-8169-CF4FB610618B}.Release|Any CPU.Build.0 = Release|Any CPU
	EndGlobalSection
	GlobalSection(SolutionProperties) = preSolution
		HideSolutionNode = FALSE
	EndGlobalSection
	GlobalSection(ExtensibilityGlobals) = postSolution
		SolutionGuid = {37F254F4-B560-4FAC-9C3A-A46368382849}
	EndGlobalSection
EndGlobal
